// !$*UTF8*$!
{
	archiveVersion = 1;
	classes = {
	};
	objectVersion = 46;
	objects = {

/* Begin PBXBuildFile section */
		7507AF821E794634005DB299 /* Utilities.swift in Sources */ = {isa = PBXBuildFile; fileRef = 75C3B9D01E5453E700343351 /* Utilities.swift */; };
		7507AF831E794833005DB299 /* Subject.swift in Sources */ = {isa = PBXBuildFile; fileRef = 75C3B9D21E545F3600343351 /* Subject.swift */; };
		7507AF841E794836005DB299 /* Exercise.swift in Sources */ = {isa = PBXBuildFile; fileRef = 75C3BA2D1E5D9B1800343351 /* Exercise.swift */; };
		7507AF8B1E79609C005DB299 /* PUProjectTests.swift in Sources */ = {isa = PBXBuildFile; fileRef = 7533777E1E6FED2C0049BD3A /* PUProjectTests.swift */; };
		7507AF8F1E79919D005DB299 /* Answer.swift in Sources */ = {isa = PBXBuildFile; fileRef = 7507AF8E1E79919D005DB299 /* Answer.swift */; };
		7507AF911E79A3DF005DB299 /* TimeChartViewController.swift in Sources */ = {isa = PBXBuildFile; fileRef = 7507AF901E79A3DF005DB299 /* TimeChartViewController.swift */; };
		750D17921E8B972300766E5B /* CommentTableViewController.swift in Sources */ = {isa = PBXBuildFile; fileRef = 750D17911E8B972300766E5B /* CommentTableViewController.swift */; };
		750D17961E8B97AF00766E5B /* CommentCell.swift in Sources */ = {isa = PBXBuildFile; fileRef = 750D17951E8B97AF00766E5B /* CommentCell.swift */; };
		751B00891E94C8AD0014FF74 /* Answer.swift in Sources */ = {isa = PBXBuildFile; fileRef = 7507AF8E1E79919D005DB299 /* Answer.swift */; };
		752A7B9F1E355AD10062E1FB /* Launch Screen.storyboard in Resources */ = {isa = PBXBuildFile; fileRef = 752A7B9E1E355AD10062E1FB /* Launch Screen.storyboard */; };
		7533778C1E701A1D0049BD3A /* LoginViewController.swift in Sources */ = {isa = PBXBuildFile; fileRef = 81BA814C1A49DA1800E65899 /* LoginViewController.swift */; };
		75A7EB521E826A4E00412FC1 /* ViewControllerAbout.swift in Sources */ = {isa = PBXBuildFile; fileRef = 75A7EB511E826A4E00412FC1 /* ViewControllerAbout.swift */; };
		75C3B9CD1E544EE600343351 /* SubjectTableViewController.swift in Sources */ = {isa = PBXBuildFile; fileRef = 75C3B9CC1E544EE600343351 /* SubjectTableViewController.swift */; };
		75C3B9CF1E544F3B00343351 /* SubjectCell.swift in Sources */ = {isa = PBXBuildFile; fileRef = 75C3B9CE1E544F3B00343351 /* SubjectCell.swift */; };
		75C3B9D11E5453E700343351 /* Utilities.swift in Sources */ = {isa = PBXBuildFile; fileRef = 75C3B9D01E5453E700343351 /* Utilities.swift */; };
		75C3B9D31E545F3600343351 /* Subject.swift in Sources */ = {isa = PBXBuildFile; fileRef = 75C3B9D21E545F3600343351 /* Subject.swift */; };
		75C3B9D91E546B6B00343351 /* SWRevealViewController.m in Sources */ = {isa = PBXBuildFile; fileRef = 75C3B9D81E546B6B00343351 /* SWRevealViewController.m */; };
		75C3B9DB1E546D8900343351 /* SubjectMainPageViewController.swift in Sources */ = {isa = PBXBuildFile; fileRef = 75C3B9DA1E546D8900343351 /* SubjectMainPageViewController.swift */; };
		75C3BA2C1E5D927800343351 /* ExercisesTableViewController.swift in Sources */ = {isa = PBXBuildFile; fileRef = 75C3BA2B1E5D927800343351 /* ExercisesTableViewController.swift */; };
		75C3BA2E1E5D9B1800343351 /* Exercise.swift in Sources */ = {isa = PBXBuildFile; fileRef = 75C3BA2D1E5D9B1800343351 /* Exercise.swift */; };
		75C3BA301E5DA3D500343351 /* RatingViewController.swift in Sources */ = {isa = PBXBuildFile; fileRef = 75C3BA2F1E5DA3D500343351 /* RatingViewController.swift */; };
		75C3BA321E5DA40500343351 /* AmountViewController.swift in Sources */ = {isa = PBXBuildFile; fileRef = 75C3BA311E5DA40500343351 /* AmountViewController.swift */; };
		75C3BA521E5DC45400343351 /* Charts.framework in Frameworks */ = {isa = PBXBuildFile; fileRef = 75C3BA4D1E5DC41E00343351 /* Charts.framework */; };
		75C3BA531E5DC45400343351 /* Charts.framework in Embed Frameworks */ = {isa = PBXBuildFile; fileRef = 75C3BA4D1E5DC41E00343351 /* Charts.framework */; settings = {ATTRIBUTES = (CodeSignOnCopy, RemoveHeadersOnCopy, ); }; };
		75C3BA581E5DCD7100343351 /* PieChartViewController.swift in Sources */ = {isa = PBXBuildFile; fileRef = 75C3BA571E5DCD7100343351 /* PieChartViewController.swift */; };
		814C3ACA1B69877600E307BB /* Main.storyboard in Resources */ = {isa = PBXBuildFile; fileRef = 814C3AC61B69877600E307BB /* Main.storyboard */; };
		814C3ACB1B69877600E307BB /* Images.xcassets in Resources */ = {isa = PBXBuildFile; fileRef = 814C3AC81B69877600E307BB /* Images.xcassets */; };
		81BA814B1A49DA1800E65899 /* AppDelegate.swift in Sources */ = {isa = PBXBuildFile; fileRef = 81BA814A1A49DA1800E65899 /* AppDelegate.swift */; };
		81BA81701A49DB6800E65899 /* Bolts.framework in Frameworks */ = {isa = PBXBuildFile; fileRef = 81BA816B1A49DB6800E65899 /* Bolts.framework */; };
		81BA81711A49DB6800E65899 /* Parse.framework in Frameworks */ = {isa = PBXBuildFile; fileRef = 81BA816C1A49DB6800E65899 /* Parse.framework */; };
		81BA81771A49E0D500E65899 /* libsqlite3.dylib in Frameworks */ = {isa = PBXBuildFile; fileRef = 81BA81761A49E0D500E65899 /* libsqlite3.dylib */; };
		81BA81791A49E0DB00E65899 /* AudioToolbox.framework in Frameworks */ = {isa = PBXBuildFile; fileRef = 81BA81781A49E0DB00E65899 /* AudioToolbox.framework */; };
		81BA817B1A49E0E500E65899 /* SystemConfiguration.framework in Frameworks */ = {isa = PBXBuildFile; fileRef = 81BA817A1A49E0E500E65899 /* SystemConfiguration.framework */; };
		81BA817F1A49E0F000E65899 /* libstdc++.6.dylib in Frameworks */ = {isa = PBXBuildFile; fileRef = 81BA817E1A49E0F000E65899 /* libstdc++.6.dylib */; };
/* End PBXBuildFile section */

/* Begin PBXContainerItemProxy section */
		753377811E6FED2C0049BD3A /* PBXContainerItemProxy */ = {
			isa = PBXContainerItemProxy;
			containerPortal = 81BA813D1A49DA1800E65899 /* Project object */;
			proxyType = 1;
			remoteGlobalIDString = 81BA81441A49DA1800E65899;
			remoteInfo = PUProject;
		};
		75C3BA4C1E5DC41E00343351 /* PBXContainerItemProxy */ = {
			isa = PBXContainerItemProxy;
			containerPortal = 75C3BA461E5DC41D00343351 /* Charts.xcodeproj */;
			proxyType = 2;
			remoteGlobalIDString = 06165F241D8110E600722320;
			remoteInfo = Charts;
		};
		75C3BA4E1E5DC41E00343351 /* PBXContainerItemProxy */ = {
			isa = PBXContainerItemProxy;
			containerPortal = 75C3BA461E5DC41D00343351 /* Charts.xcodeproj */;
			proxyType = 2;
			remoteGlobalIDString = 06B120D51D811E6200D14B02;
			remoteInfo = ChartsRealm;
		};
		75C3BA501E5DC41E00343351 /* PBXContainerItemProxy */ = {
			isa = PBXContainerItemProxy;
			containerPortal = 75C3BA461E5DC41D00343351 /* Charts.xcodeproj */;
			proxyType = 2;
			remoteGlobalIDString = 06165F2E1D8110E600722320;
			remoteInfo = ChartsTests;
		};
		75C3BA541E5DC45400343351 /* PBXContainerItemProxy */ = {
			isa = PBXContainerItemProxy;
			containerPortal = 75C3BA461E5DC41D00343351 /* Charts.xcodeproj */;
			proxyType = 1;
			remoteGlobalIDString = 06165F231D8110E600722320;
			remoteInfo = Charts;
		};
/* End PBXContainerItemProxy section */

/* Begin PBXCopyFilesBuildPhase section */
		75C3BA561E5DC45500343351 /* Embed Frameworks */ = {
			isa = PBXCopyFilesBuildPhase;
			buildActionMask = 2147483647;
			dstPath = "";
			dstSubfolderSpec = 10;
			files = (
				75C3BA531E5DC45400343351 /* Charts.framework in Embed Frameworks */,
			);
			name = "Embed Frameworks";
			runOnlyForDeploymentPostprocessing = 0;
		};
/* End PBXCopyFilesBuildPhase section */

/* Begin PBXFileReference section */
		7507AF8E1E79919D005DB299 /* Answer.swift */ = {isa = PBXFileReference; fileEncoding = 4; lastKnownFileType = sourcecode.swift; path = Answer.swift; sourceTree = "<group>"; };
		7507AF901E79A3DF005DB299 /* TimeChartViewController.swift */ = {isa = PBXFileReference; fileEncoding = 4; lastKnownFileType = sourcecode.swift; path = TimeChartViewController.swift; sourceTree = "<group>"; };
		750D17911E8B972300766E5B /* CommentTableViewController.swift */ = {isa = PBXFileReference; fileEncoding = 4; lastKnownFileType = sourcecode.swift; path = CommentTableViewController.swift; sourceTree = "<group>"; };
		750D17951E8B97AF00766E5B /* CommentCell.swift */ = {isa = PBXFileReference; fileEncoding = 4; lastKnownFileType = sourcecode.swift; path = CommentCell.swift; sourceTree = "<group>"; };
		752A7B9E1E355AD10062E1FB /* Launch Screen.storyboard */ = {isa = PBXFileReference; fileEncoding = 4; lastKnownFileType = file.storyboard; path = "Launch Screen.storyboard"; sourceTree = "<group>"; };
		7533777C1E6FED2C0049BD3A /* EasEvalTests.xctest */ = {isa = PBXFileReference; explicitFileType = wrapper.cfbundle; includeInIndex = 0; path = EasEvalTests.xctest; sourceTree = BUILT_PRODUCTS_DIR; };
		7533777E1E6FED2C0049BD3A /* PUProjectTests.swift */ = {isa = PBXFileReference; lastKnownFileType = sourcecode.swift; path = PUProjectTests.swift; sourceTree = "<group>"; };
		753377801E6FED2C0049BD3A /* Info.plist */ = {isa = PBXFileReference; lastKnownFileType = text.plist.xml; path = Info.plist; sourceTree = "<group>"; };
		75A7EB511E826A4E00412FC1 /* ViewControllerAbout.swift */ = {isa = PBXFileReference; fileEncoding = 4; lastKnownFileType = sourcecode.swift; path = ViewControllerAbout.swift; sourceTree = "<group>"; };
		75C3B9CC1E544EE600343351 /* SubjectTableViewController.swift */ = {isa = PBXFileReference; fileEncoding = 4; lastKnownFileType = sourcecode.swift; name = SubjectTableViewController.swift; path = ../SubjectTableViewController.swift; sourceTree = "<group>"; };
		75C3B9CE1E544F3B00343351 /* SubjectCell.swift */ = {isa = PBXFileReference; fileEncoding = 4; lastKnownFileType = sourcecode.swift; path = SubjectCell.swift; sourceTree = "<group>"; };
		75C3B9D01E5453E700343351 /* Utilities.swift */ = {isa = PBXFileReference; fileEncoding = 4; lastKnownFileType = sourcecode.swift; path = Utilities.swift; sourceTree = "<group>"; };
		75C3B9D21E545F3600343351 /* Subject.swift */ = {isa = PBXFileReference; fileEncoding = 4; lastKnownFileType = sourcecode.swift; path = Subject.swift; sourceTree = "<group>"; };
		75C3B9D61E546B6A00343351 /* PUProject-Bridging-Header.h */ = {isa = PBXFileReference; lastKnownFileType = sourcecode.c.h; path = "PUProject-Bridging-Header.h"; sourceTree = "<group>"; };
		75C3B9D71E546B6B00343351 /* SWRevealViewController.h */ = {isa = PBXFileReference; fileEncoding = 4; lastKnownFileType = sourcecode.c.h; path = SWRevealViewController.h; sourceTree = "<group>"; };
		75C3B9D81E546B6B00343351 /* SWRevealViewController.m */ = {isa = PBXFileReference; fileEncoding = 4; lastKnownFileType = sourcecode.c.objc; path = SWRevealViewController.m; sourceTree = "<group>"; };
		75C3B9DA1E546D8900343351 /* SubjectMainPageViewController.swift */ = {isa = PBXFileReference; fileEncoding = 4; lastKnownFileType = sourcecode.swift; path = SubjectMainPageViewController.swift; sourceTree = "<group>"; };
		75C3BA2B1E5D927800343351 /* ExercisesTableViewController.swift */ = {isa = PBXFileReference; fileEncoding = 4; lastKnownFileType = sourcecode.swift; path = ExercisesTableViewController.swift; sourceTree = "<group>"; };
		75C3BA2D1E5D9B1800343351 /* Exercise.swift */ = {isa = PBXFileReference; fileEncoding = 4; lastKnownFileType = sourcecode.swift; path = Exercise.swift; sourceTree = "<group>"; };
		75C3BA2F1E5DA3D500343351 /* RatingViewController.swift */ = {isa = PBXFileReference; fileEncoding = 4; lastKnownFileType = sourcecode.swift; path = RatingViewController.swift; sourceTree = "<group>"; };
		75C3BA311E5DA40500343351 /* AmountViewController.swift */ = {isa = PBXFileReference; fileEncoding = 4; lastKnownFileType = sourcecode.swift; path = AmountViewController.swift; sourceTree = "<group>"; };
		75C3BA461E5DC41D00343351 /* Charts.xcodeproj */ = {isa = PBXFileReference; lastKnownFileType = "wrapper.pb-project"; name = Charts.xcodeproj; path = "../../Charts-master/Charts.xcodeproj"; sourceTree = "<group>"; };
		75C3BA571E5DCD7100343351 /* PieChartViewController.swift */ = {isa = PBXFileReference; fileEncoding = 4; lastKnownFileType = sourcecode.swift; path = PieChartViewController.swift; sourceTree = "<group>"; };
		814C3AC71B69877600E307BB /* Base */ = {isa = PBXFileReference; lastKnownFileType = file.storyboard; name = Base; path = Base.lproj/Main.storyboard; sourceTree = "<group>"; };
		814C3AC81B69877600E307BB /* Images.xcassets */ = {isa = PBXFileReference; lastKnownFileType = folder.assetcatalog; path = Images.xcassets; sourceTree = "<group>"; };
		814C3AC91B69877600E307BB /* Info.plist */ = {isa = PBXFileReference; fileEncoding = 4; lastKnownFileType = text.plist.xml; path = Info.plist; sourceTree = "<group>"; };
		81BA81451A49DA1800E65899 /* EasEval.app */ = {isa = PBXFileReference; explicitFileType = wrapper.application; includeInIndex = 0; path = EasEval.app; sourceTree = BUILT_PRODUCTS_DIR; };
		81BA814A1A49DA1800E65899 /* AppDelegate.swift */ = {isa = PBXFileReference; lastKnownFileType = sourcecode.swift; path = AppDelegate.swift; sourceTree = "<group>"; };
		81BA814C1A49DA1800E65899 /* LoginViewController.swift */ = {isa = PBXFileReference; lastKnownFileType = sourcecode.swift; path = LoginViewController.swift; sourceTree = "<group>"; };
		81BA816B1A49DB6800E65899 /* Bolts.framework */ = {isa = PBXFileReference; lastKnownFileType = wrapper.framework; path = Bolts.framework; sourceTree = "<group>"; };
		81BA816C1A49DB6800E65899 /* Parse.framework */ = {isa = PBXFileReference; lastKnownFileType = wrapper.framework; path = Parse.framework; sourceTree = "<group>"; };
		81BA816E1A49DB6800E65899 /* ParseFacebookUtils.framework */ = {isa = PBXFileReference; lastKnownFileType = wrapper.framework; path = ParseFacebookUtils.framework; sourceTree = "<group>"; };
		81BA81761A49E0D500E65899 /* libsqlite3.dylib */ = {isa = PBXFileReference; lastKnownFileType = "compiled.mach-o.dylib"; name = libsqlite3.dylib; path = usr/lib/libsqlite3.dylib; sourceTree = SDKROOT; };
		81BA81781A49E0DB00E65899 /* AudioToolbox.framework */ = {isa = PBXFileReference; lastKnownFileType = wrapper.framework; name = AudioToolbox.framework; path = System/Library/Frameworks/AudioToolbox.framework; sourceTree = SDKROOT; };
		81BA817A1A49E0E500E65899 /* SystemConfiguration.framework */ = {isa = PBXFileReference; lastKnownFileType = wrapper.framework; name = SystemConfiguration.framework; path = System/Library/Frameworks/SystemConfiguration.framework; sourceTree = SDKROOT; };
		81BA817E1A49E0F000E65899 /* libstdc++.6.dylib */ = {isa = PBXFileReference; lastKnownFileType = "compiled.mach-o.dylib"; name = "libstdc++.6.dylib"; path = "usr/lib/libstdc++.6.dylib"; sourceTree = SDKROOT; };
		81BA81801A49E10C00E65899 /* ParseUI.framework */ = {isa = PBXFileReference; lastKnownFileType = wrapper.framework; path = ParseUI.framework; sourceTree = "<group>"; };
/* End PBXFileReference section */

/* Begin PBXFrameworksBuildPhase section */
		753377791E6FED2C0049BD3A /* Frameworks */ = {
			isa = PBXFrameworksBuildPhase;
			buildActionMask = 2147483647;
			files = (
			);
			runOnlyForDeploymentPostprocessing = 0;
		};
		81BA81421A49DA1800E65899 /* Frameworks */ = {
			isa = PBXFrameworksBuildPhase;
			buildActionMask = 2147483647;
			files = (
				81BA817F1A49E0F000E65899 /* libstdc++.6.dylib in Frameworks */,
				81BA817B1A49E0E500E65899 /* SystemConfiguration.framework in Frameworks */,
				81BA81791A49E0DB00E65899 /* AudioToolbox.framework in Frameworks */,
				75C3BA521E5DC45400343351 /* Charts.framework in Frameworks */,
				81BA81771A49E0D500E65899 /* libsqlite3.dylib in Frameworks */,
				81BA81711A49DB6800E65899 /* Parse.framework in Frameworks */,
				81BA81701A49DB6800E65899 /* Bolts.framework in Frameworks */,
			);
			runOnlyForDeploymentPostprocessing = 0;
		};
/* End PBXFrameworksBuildPhase section */

/* Begin PBXGroup section */
		751B008D1E9508C90014FF74 /* libs */ = {
			isa = PBXGroup;
			children = (
				75C3B9D51E546B2500343351 /* SWRevealViewController */,
				75C3BA461E5DC41D00343351 /* Charts.xcodeproj */,
			);
			name = libs;
			sourceTree = "<group>";
		};
		751B00901E95172C0014FF74 /* About */ = {
			isa = PBXGroup;
			children = (
				75A7EB511E826A4E00412FC1 /* ViewControllerAbout.swift */,
			);
			name = About;
			sourceTree = "<group>";
		};
		7533777D1E6FED2C0049BD3A /* PUProjectTests */ = {
			isa = PBXGroup;
			children = (
				7533777E1E6FED2C0049BD3A /* PUProjectTests.swift */,
				753377801E6FED2C0049BD3A /* Info.plist */,
			);
			path = PUProjectTests;
			sourceTree = "<group>";
		};
		7533778F1E701A660049BD3A /* Login */ = {
			isa = PBXGroup;
			children = (
				81BA814C1A49DA1800E65899 /* LoginViewController.swift */,
			);
			name = Login;
			sourceTree = "<group>";
		};
		75C3B9D41E545FEB00343351 /* Support Classes */ = {
			isa = PBXGroup;
			children = (
				75C3B9D01E5453E700343351 /* Utilities.swift */,
				75C3B9D21E545F3600343351 /* Subject.swift */,
				75C3BA2D1E5D9B1800343351 /* Exercise.swift */,
				7507AF8E1E79919D005DB299 /* Answer.swift */,
			);
			name = "Support Classes";
			sourceTree = "<group>";
		};
		75C3B9D51E546B2500343351 /* SWRevealViewController */ = {
			isa = PBXGroup;
			children = (
				75C3B9D71E546B6B00343351 /* SWRevealViewController.h */,
				75C3B9D81E546B6B00343351 /* SWRevealViewController.m */,
				75C3B9D61E546B6A00343351 /* PUProject-Bridging-Header.h */,
			);
			name = SWRevealViewController;
			sourceTree = "<group>";
		};
		75C3BA331E5DA40F00343351 /* Exercises */ = {
			isa = PBXGroup;
			children = (
				750D17951E8B97AF00766E5B /* CommentCell.swift */,
				750D17911E8B972300766E5B /* CommentTableViewController.swift */,
				7507AF901E79A3DF005DB299 /* TimeChartViewController.swift */,
				75C3BA571E5DCD7100343351 /* PieChartViewController.swift */,
				75C3BA2B1E5D927800343351 /* ExercisesTableViewController.swift */,
				75C3BA2F1E5DA3D500343351 /* RatingViewController.swift */,
				75C3BA311E5DA40500343351 /* AmountViewController.swift */,
			);
			name = Exercises;
			sourceTree = "<group>";
		};
		75C3BA341E5DA43D00343351 /* Subjects */ = {
			isa = PBXGroup;
			children = (
				75C3B9CC1E544EE600343351 /* SubjectTableViewController.swift */,
				75C3B9CE1E544F3B00343351 /* SubjectCell.swift */,
				75C3B9DA1E546D8900343351 /* SubjectMainPageViewController.swift */,
			);
			name = Subjects;
			sourceTree = "<group>";
		};
		75C3BA471E5DC41D00343351 /* Products */ = {
			isa = PBXGroup;
			children = (
				75C3BA4D1E5DC41E00343351 /* Charts.framework */,
				75C3BA4F1E5DC41E00343351 /* ChartsRealm.framework */,
				75C3BA511E5DC41E00343351 /* ChartsTests.xctest */,
			);
			name = Products;
			sourceTree = "<group>";
		};
		814C3AC51B69877600E307BB /* Resources */ = {
			isa = PBXGroup;
			children = (
				814C3AC81B69877600E307BB /* Images.xcassets */,
				814C3AC91B69877600E307BB /* Info.plist */,
			);
			path = Resources;
			sourceTree = "<group>";
		};
		81BA813C1A49DA1800E65899 = {
			isa = PBXGroup;
			children = (
				81BA81471A49DA1800E65899 /* Scripts */,
				814C3AC51B69877600E307BB /* Resources */,
				7533777D1E6FED2C0049BD3A /* PUProjectTests */,
				81BA816A1A49DB5600E65899 /* Frameworks */,
				81BA81461A49DA1800E65899 /* Products */,
			);
			sourceTree = "<group>";
		};
		81BA81461A49DA1800E65899 /* Products */ = {
			isa = PBXGroup;
			children = (
				81BA81451A49DA1800E65899 /* EasEval.app */,
				7533777C1E6FED2C0049BD3A /* EasEvalTests.xctest */,
			);
			name = Products;
			sourceTree = "<group>";
		};
		81BA81471A49DA1800E65899 /* Scripts */ = {
			isa = PBXGroup;
			children = (
				751B00901E95172C0014FF74 /* About */,
				751B008D1E9508C90014FF74 /* libs */,
				75C3BA341E5DA43D00343351 /* Subjects */,
				75C3BA331E5DA40F00343351 /* Exercises */,
				75C3B9D41E545FEB00343351 /* Support Classes */,
				81BA814A1A49DA1800E65899 /* AppDelegate.swift */,
				7533778F1E701A660049BD3A /* Login */,
				814C3AC61B69877600E307BB /* Main.storyboard */,
				752A7B9E1E355AD10062E1FB /* Launch Screen.storyboard */,
			);
			name = Scripts;
			path = ParseStarterProject;
			sourceTree = "<group>";
		};
		81BA816A1A49DB5600E65899 /* Frameworks */ = {
			isa = PBXGroup;
			children = (
				81BA816B1A49DB6800E65899 /* Bolts.framework */,
				81BA816C1A49DB6800E65899 /* Parse.framework */,
				81BA816E1A49DB6800E65899 /* ParseFacebookUtils.framework */,
				81BA81801A49E10C00E65899 /* ParseUI.framework */,
				81BA81751A49E0C500E65899 /* System Frameworks */,
			);
			name = Frameworks;
			sourceTree = "<group>";
		};
		81BA81751A49E0C500E65899 /* System Frameworks */ = {
			isa = PBXGroup;
			children = (
				81BA817E1A49E0F000E65899 /* libstdc++.6.dylib */,
				81BA817A1A49E0E500E65899 /* SystemConfiguration.framework */,
				81BA81781A49E0DB00E65899 /* AudioToolbox.framework */,
				81BA81761A49E0D500E65899 /* libsqlite3.dylib */,
			);
			name = "System Frameworks";
			sourceTree = "<group>";
		};
/* End PBXGroup section */

/* Begin PBXNativeTarget section */
		7533777B1E6FED2C0049BD3A /* EasEvalTests */ = {
			isa = PBXNativeTarget;
			buildConfigurationList = 753377871E6FED2C0049BD3A /* Build configuration list for PBXNativeTarget "EasEvalTests" */;
			buildPhases = (
				753377781E6FED2C0049BD3A /* Sources */,
				753377791E6FED2C0049BD3A /* Frameworks */,
				7533777A1E6FED2C0049BD3A /* Resources */,
			);
			buildRules = (
			);
			dependencies = (
				753377821E6FED2C0049BD3A /* PBXTargetDependency */,
			);
			name = EasEvalTests;
			productName = PUProjectTests;
			productReference = 7533777C1E6FED2C0049BD3A /* EasEvalTests.xctest */;
			productType = "com.apple.product-type.bundle.unit-test";
		};
		81BA81441A49DA1800E65899 /* EasEval */ = {
			isa = PBXNativeTarget;
			buildConfigurationList = 81BA81641A49DA1800E65899 /* Build configuration list for PBXNativeTarget "EasEval" */;
			buildPhases = (
				81BA81411A49DA1800E65899 /* Sources */,
				81BA81421A49DA1800E65899 /* Frameworks */,
				81BA81431A49DA1800E65899 /* Resources */,
				75C3BA561E5DC45500343351 /* Embed Frameworks */,
			);
			buildRules = (
			);
			dependencies = (
				75C3BA551E5DC45400343351 /* PBXTargetDependency */,
			);
			name = EasEval;
			productName = ParseStarterProject;
			productReference = 81BA81451A49DA1800E65899 /* EasEval.app */;
			productType = "com.apple.product-type.application";
		};
/* End PBXNativeTarget section */

/* Begin PBXProject section */
		81BA813D1A49DA1800E65899 /* Project object */ = {
			isa = PBXProject;
			attributes = {
				LastSwiftUpdateCheck = 0820;
				LastUpgradeCheck = 0820;
				ORGANIZATIONNAME = Parse;
				TargetAttributes = {
					7533777B1E6FED2C0049BD3A = {
						CreatedOnToolsVersion = 8.2.1;
						DevelopmentTeam = 5V835P4U52;
						ProvisioningStyle = Automatic;
						TestTargetID = 81BA81441A49DA1800E65899;
					};
					81BA81441A49DA1800E65899 = {
						CreatedOnToolsVersion = 6.1.1;
						DevelopmentTeam = 5V835P4U52;
						LastSwiftMigration = 0820;
						ProvisioningStyle = Automatic;
					};
				};
			};
			buildConfigurationList = 81BA81401A49DA1800E65899 /* Build configuration list for PBXProject "EasEval" */;
			compatibilityVersion = "Xcode 3.2";
			developmentRegion = English;
			hasScannedForEncodings = 0;
			knownRegions = (
				en,
				Base,
			);
			mainGroup = 81BA813C1A49DA1800E65899;
			productRefGroup = 81BA81461A49DA1800E65899 /* Products */;
			projectDirPath = "";
			projectReferences = (
				{
					ProductGroup = 75C3BA471E5DC41D00343351 /* Products */;
					ProjectRef = 75C3BA461E5DC41D00343351 /* Charts.xcodeproj */;
				},
			);
			projectRoot = "";
			targets = (
				81BA81441A49DA1800E65899 /* EasEval */,
				7533777B1E6FED2C0049BD3A /* EasEvalTests */,
			);
		};
/* End PBXProject section */

/* Begin PBXReferenceProxy section */
		75C3BA4D1E5DC41E00343351 /* Charts.framework */ = {
			isa = PBXReferenceProxy;
			fileType = wrapper.framework;
			path = Charts.framework;
			remoteRef = 75C3BA4C1E5DC41E00343351 /* PBXContainerItemProxy */;
			sourceTree = BUILT_PRODUCTS_DIR;
		};
		75C3BA4F1E5DC41E00343351 /* ChartsRealm.framework */ = {
			isa = PBXReferenceProxy;
			fileType = wrapper.framework;
			path = ChartsRealm.framework;
			remoteRef = 75C3BA4E1E5DC41E00343351 /* PBXContainerItemProxy */;
			sourceTree = BUILT_PRODUCTS_DIR;
		};
		75C3BA511E5DC41E00343351 /* ChartsTests.xctest */ = {
			isa = PBXReferenceProxy;
			fileType = wrapper.cfbundle;
			path = ChartsTests.xctest;
			remoteRef = 75C3BA501E5DC41E00343351 /* PBXContainerItemProxy */;
			sourceTree = BUILT_PRODUCTS_DIR;
		};
/* End PBXReferenceProxy section */

/* Begin PBXResourcesBuildPhase section */
		7533777A1E6FED2C0049BD3A /* Resources */ = {
			isa = PBXResourcesBuildPhase;
			buildActionMask = 2147483647;
			files = (
			);
			runOnlyForDeploymentPostprocessing = 0;
		};
		81BA81431A49DA1800E65899 /* Resources */ = {
			isa = PBXResourcesBuildPhase;
			buildActionMask = 2147483647;
			files = (
				752A7B9F1E355AD10062E1FB /* Launch Screen.storyboard in Resources */,
				814C3ACA1B69877600E307BB /* Main.storyboard in Resources */,
				814C3ACB1B69877600E307BB /* Images.xcassets in Resources */,
			);
			runOnlyForDeploymentPostprocessing = 0;
		};
/* End PBXResourcesBuildPhase section */

/* Begin PBXSourcesBuildPhase section */
		753377781E6FED2C0049BD3A /* Sources */ = {
			isa = PBXSourcesBuildPhase;
			buildActionMask = 2147483647;
			files = (
				7507AF841E794836005DB299 /* Exercise.swift in Sources */,
				7507AF831E794833005DB299 /* Subject.swift in Sources */,
				7507AF8B1E79609C005DB299 /* PUProjectTests.swift in Sources */,
				751B00891E94C8AD0014FF74 /* Answer.swift in Sources */,
				7507AF821E794634005DB299 /* Utilities.swift in Sources */,
			);
			runOnlyForDeploymentPostprocessing = 0;
		};
		81BA81411A49DA1800E65899 /* Sources */ = {
			isa = PBXSourcesBuildPhase;
			buildActionMask = 2147483647;
			files = (
				750D17921E8B972300766E5B /* CommentTableViewController.swift in Sources */,
				75C3B9D91E546B6B00343351 /* SWRevealViewController.m in Sources */,
				7507AF911E79A3DF005DB299 /* TimeChartViewController.swift in Sources */,
				75C3BA301E5DA3D500343351 /* RatingViewController.swift in Sources */,
				75C3B9CF1E544F3B00343351 /* SubjectCell.swift in Sources */,
				750D17961E8B97AF00766E5B /* CommentCell.swift in Sources */,
				7507AF8F1E79919D005DB299 /* Answer.swift in Sources */,
				75C3B9CD1E544EE600343351 /* SubjectTableViewController.swift in Sources */,
				75C3BA2C1E5D927800343351 /* ExercisesTableViewController.swift in Sources */,
				75C3BA2E1E5D9B1800343351 /* Exercise.swift in Sources */,
				75C3B9D11E5453E700343351 /* Utilities.swift in Sources */,
				75C3BA321E5DA40500343351 /* AmountViewController.swift in Sources */,
				75C3B9D31E545F3600343351 /* Subject.swift in Sources */,
				81BA814B1A49DA1800E65899 /* AppDelegate.swift in Sources */,
				75C3BA581E5DCD7100343351 /* PieChartViewController.swift in Sources */,
				7533778C1E701A1D0049BD3A /* LoginViewController.swift in Sources */,
				75A7EB521E826A4E00412FC1 /* ViewControllerAbout.swift in Sources */,
				75C3B9DB1E546D8900343351 /* SubjectMainPageViewController.swift in Sources */,
			);
			runOnlyForDeploymentPostprocessing = 0;
		};
/* End PBXSourcesBuildPhase section */

/* Begin PBXTargetDependency section */
		753377821E6FED2C0049BD3A /* PBXTargetDependency */ = {
			isa = PBXTargetDependency;
			target = 81BA81441A49DA1800E65899 /* EasEval */;
			targetProxy = 753377811E6FED2C0049BD3A /* PBXContainerItemProxy */;
		};
		75C3BA551E5DC45400343351 /* PBXTargetDependency */ = {
			isa = PBXTargetDependency;
			name = Charts;
			targetProxy = 75C3BA541E5DC45400343351 /* PBXContainerItemProxy */;
		};
/* End PBXTargetDependency section */

/* Begin PBXVariantGroup section */
		814C3AC61B69877600E307BB /* Main.storyboard */ = {
			isa = PBXVariantGroup;
			children = (
				814C3AC71B69877600E307BB /* Base */,
			);
			name = Main.storyboard;
			path = ../Resources;
			sourceTree = "<group>";
		};
/* End PBXVariantGroup section */

/* Begin XCBuildConfiguration section */
		753377831E6FED2C0049BD3A /* Debug */ = {
			isa = XCBuildConfiguration;
			buildSettings = {
				BUNDLE_LOADER = "$(TEST_HOST)";
				CLANG_ANALYZER_NONNULL = YES;
				CLANG_WARN_DOCUMENTATION_COMMENTS = YES;
				DEBUG_INFORMATION_FORMAT = dwarf;
				DEVELOPMENT_TEAM = 5V835P4U52;
				INFOPLIST_FILE = PUProjectTests/Info.plist;
				IPHONEOS_DEPLOYMENT_TARGET = 10.2;
				LD_RUNPATH_SEARCH_PATHS = "$(inherited) @executable_path/Frameworks @loader_path/Frameworks";
				PRODUCT_BUNDLE_IDENTIFIER = com.Eilertsen.PUProjectTests;
				PRODUCT_NAME = "$(TARGET_NAME)";
				SWIFT_ACTIVE_COMPILATION_CONDITIONS = DEBUG;
				SWIFT_VERSION = 3.0;
				TEST_HOST = "$(BUILT_PRODUCTS_DIR)/EasEval.app/EasEval";
			};
			name = Debug;
		};
		753377841E6FED2C0049BD3A /* Release */ = {
			isa = XCBuildConfiguration;
			buildSettings = {
				BUNDLE_LOADER = "$(TEST_HOST)";
				CLANG_ANALYZER_NONNULL = YES;
				CLANG_WARN_DOCUMENTATION_COMMENTS = YES;
				COPY_PHASE_STRIP = NO;
				DEBUG_INFORMATION_FORMAT = "dwarf-with-dsym";
				DEVELOPMENT_TEAM = 5V835P4U52;
				INFOPLIST_FILE = PUProjectTests/Info.plist;
				IPHONEOS_DEPLOYMENT_TARGET = 10.2;
				LD_RUNPATH_SEARCH_PATHS = "$(inherited) @executable_path/Frameworks @loader_path/Frameworks";
				PRODUCT_BUNDLE_IDENTIFIER = com.Eilertsen.PUProjectTests;
				PRODUCT_NAME = "$(TARGET_NAME)";
				SWIFT_VERSION = 3.0;
				TEST_HOST = "$(BUILT_PRODUCTS_DIR)/EasEval.app/EasEval";
			};
			name = Release;
		};
		81BA81621A49DA1800E65899 /* Debug */ = {
			isa = XCBuildConfiguration;
			buildSettings = {
				ALWAYS_SEARCH_USER_PATHS = NO;
				CLANG_CXX_LANGUAGE_STANDARD = "gnu++0x";
				CLANG_CXX_LIBRARY = "libc++";
				CLANG_ENABLE_MODULES = YES;
				CLANG_ENABLE_OBJC_ARC = YES;
				CLANG_WARN_BOOL_CONVERSION = YES;
				CLANG_WARN_CONSTANT_CONVERSION = YES;
				CLANG_WARN_DIRECT_OBJC_ISA_USAGE = YES_ERROR;
				CLANG_WARN_EMPTY_BODY = YES;
				CLANG_WARN_ENUM_CONVERSION = YES;
				CLANG_WARN_INFINITE_RECURSION = YES;
				CLANG_WARN_INT_CONVERSION = YES;
				CLANG_WARN_OBJC_ROOT_CLASS = YES_ERROR;
				CLANG_WARN_SUSPICIOUS_MOVE = YES;
				CLANG_WARN_UNREACHABLE_CODE = YES;
				CLANG_WARN__DUPLICATE_METHOD_MATCH = YES;
				CODE_SIGN_IDENTITY = "iPhone Distribution: August Lund Eilertsen (5V835P4U52)";
				"CODE_SIGN_IDENTITY[sdk=iphoneos*]" = "iPhone Developer";
				COPY_PHASE_STRIP = NO;
				ENABLE_STRICT_OBJC_MSGSEND = YES;
				ENABLE_TESTABILITY = YES;
				GCC_C_LANGUAGE_STANDARD = gnu99;
				GCC_DYNAMIC_NO_PIC = NO;
				GCC_NO_COMMON_BLOCKS = YES;
				GCC_OPTIMIZATION_LEVEL = 0;
				GCC_PREPROCESSOR_DEFINITIONS = (
					"DEBUG=1",
					"$(inherited)",
				);
				GCC_SYMBOLS_PRIVATE_EXTERN = NO;
				GCC_WARN_64_TO_32_BIT_CONVERSION = YES;
				GCC_WARN_ABOUT_RETURN_TYPE = YES_ERROR;
				GCC_WARN_UNDECLARED_SELECTOR = YES;
				GCC_WARN_UNINITIALIZED_AUTOS = YES_AGGRESSIVE;
				GCC_WARN_UNUSED_FUNCTION = YES;
				GCC_WARN_UNUSED_VARIABLE = YES;
				IPHONEOS_DEPLOYMENT_TARGET = 8.0;
				MTL_ENABLE_DEBUG_INFO = YES;
				ONLY_ACTIVE_ARCH = YES;
				SDKROOT = iphoneos;
				SWIFT_OPTIMIZATION_LEVEL = "-Onone";
				TARGETED_DEVICE_FAMILY = "1,2";
			};
			name = Debug;
		};
		81BA81631A49DA1800E65899 /* Release */ = {
			isa = XCBuildConfiguration;
			buildSettings = {
				ALWAYS_SEARCH_USER_PATHS = NO;
				CLANG_CXX_LANGUAGE_STANDARD = "gnu++0x";
				CLANG_CXX_LIBRARY = "libc++";
				CLANG_ENABLE_MODULES = YES;
				CLANG_ENABLE_OBJC_ARC = YES;
				CLANG_WARN_BOOL_CONVERSION = YES;
				CLANG_WARN_CONSTANT_CONVERSION = YES;
				CLANG_WARN_DIRECT_OBJC_ISA_USAGE = YES_ERROR;
				CLANG_WARN_EMPTY_BODY = YES;
				CLANG_WARN_ENUM_CONVERSION = YES;
				CLANG_WARN_INFINITE_RECURSION = YES;
				CLANG_WARN_INT_CONVERSION = YES;
				CLANG_WARN_OBJC_ROOT_CLASS = YES_ERROR;
				CLANG_WARN_SUSPICIOUS_MOVE = YES;
				CLANG_WARN_UNREACHABLE_CODE = YES;
				CLANG_WARN__DUPLICATE_METHOD_MATCH = YES;
				CODE_SIGN_IDENTITY = "iPhone Distribution: August Lund Eilertsen (5V835P4U52)";
				"CODE_SIGN_IDENTITY[sdk=iphoneos*]" = "iPhone Distribution: August Lund Eilertsen (5V835P4U52)";
				COPY_PHASE_STRIP = YES;
				ENABLE_NS_ASSERTIONS = NO;
				ENABLE_STRICT_OBJC_MSGSEND = YES;
				GCC_C_LANGUAGE_STANDARD = gnu99;
				GCC_NO_COMMON_BLOCKS = YES;
				GCC_WARN_64_TO_32_BIT_CONVERSION = YES;
				GCC_WARN_ABOUT_RETURN_TYPE = YES_ERROR;
				GCC_WARN_UNDECLARED_SELECTOR = YES;
				GCC_WARN_UNINITIALIZED_AUTOS = YES_AGGRESSIVE;
				GCC_WARN_UNUSED_FUNCTION = YES;
				GCC_WARN_UNUSED_VARIABLE = YES;
				IPHONEOS_DEPLOYMENT_TARGET = 8.0;
				MTL_ENABLE_DEBUG_INFO = NO;
				SDKROOT = iphoneos;
				SWIFT_OPTIMIZATION_LEVEL = "-Owholemodule";
				TARGETED_DEVICE_FAMILY = "1,2";
				VALIDATE_PRODUCT = YES;
			};
			name = Release;
		};
		81BA81651A49DA1800E65899 /* Debug */ = {
			isa = XCBuildConfiguration;
			buildSettings = {
				ALWAYS_EMBED_SWIFT_STANDARD_LIBRARIES = YES;
				ASSETCATALOG_COMPILER_APPICON_NAME = AppIcon;
				ASSETCATALOG_COMPILER_LAUNCHIMAGE_NAME = LaunchImage;
				CLANG_ENABLE_MODULES = YES;
				CODE_SIGN_IDENTITY = "iPhone Distribution: August Lund Eilertsen (5V835P4U52)";
				"CODE_SIGN_IDENTITY[sdk=iphoneos*]" = "iPhone Developer";
				DEVELOPMENT_TEAM = 5V835P4U52;
				FRAMEWORK_SEARCH_PATHS = (
					"$(inherited)",
					"$(PROJECT_DIR)",
				);
				INFOPLIST_FILE = Resources/Info.plist;
				LD_RUNPATH_SEARCH_PATHS = "$(inherited) @executable_path/Frameworks";
				PRODUCT_BUNDLE_IDENTIFIER = com.EasEval;
				PRODUCT_NAME = EasEval;
				PROVISIONING_PROFILE_SPECIFIER = "";
				SWIFT_OBJC_BRIDGING_HEADER = "ParseStarterProject/PUProject-Bridging-Header.h";
				SWIFT_OPTIMIZATION_LEVEL = "-Onone";
				SWIFT_VERSION = 3.0;
				TARGETED_DEVICE_FAMILY = 1;
			};
			name = Debug;
		};
		81BA81661A49DA1800E65899 /* Release */ = {
			isa = XCBuildConfiguration;
			buildSettings = {
				ALWAYS_EMBED_SWIFT_STANDARD_LIBRARIES = YES;
				ASSETCATALOG_COMPILER_APPICON_NAME = AppIcon;
				ASSETCATALOG_COMPILER_LAUNCHIMAGE_NAME = LaunchImage;
				CLANG_ENABLE_MODULES = YES;
				CODE_SIGN_IDENTITY = "iPhone Distribution: August Lund Eilertsen (5V835P4U52)";
				"CODE_SIGN_IDENTITY[sdk=iphoneos*]" = "iPhone Developer";
				DEVELOPMENT_TEAM = 5V835P4U52;
				FRAMEWORK_SEARCH_PATHS = (
					"$(inherited)",
					"$(PROJECT_DIR)",
				);
				INFOPLIST_FILE = Resources/Info.plist;
				LD_RUNPATH_SEARCH_PATHS = "$(inherited) @executable_path/Frameworks";
				PRODUCT_BUNDLE_IDENTIFIER = com.EasEval;
				PRODUCT_NAME = EasEval;
				PROVISIONING_PROFILE_SPECIFIER = "";
				SWIFT_OBJC_BRIDGING_HEADER = "ParseStarterProject/PUProject-Bridging-Header.h";
				SWIFT_VERSION = 3.0;
				TARGETED_DEVICE_FAMILY = 1;
			};
			name = Release;
		};
/* End XCBuildConfiguration section */

/* Begin XCConfigurationList section */
		753377871E6FED2C0049BD3A /* Build configuration list for PBXNativeTarget "EasEvalTests" */ = {
			isa = XCConfigurationList;
			buildConfigurations = (
				753377831E6FED2C0049BD3A /* Debug */,
				753377841E6FED2C0049BD3A /* Release */,
			);
			defaultConfigurationIsVisible = 0;
			defaultConfigurationName = Release;
		};
		81BA81401A49DA1800E65899 /* Build configuration list for PBXProject "EasEval" */ = {
			isa = XCConfigurationList;
			buildConfigurations = (
				81BA81621A49DA1800E65899 /* Debug */,
				81BA81631A49DA1800E65899 /* Release */,
			);
			defaultConfigurationIsVisible = 0;
			defaultConfigurationName = Release;
		};
		81BA81641A49DA1800E65899 /* Build configuration list for PBXNativeTarget "EasEval" */ = {
			isa = XCConfigurationList;
			buildConfigurations = (
				81BA81651A49DA1800E65899 /* Debug */,
				81BA81661A49DA1800E65899 /* Release */,
			);
			defaultConfigurationIsVisible = 0;
			defaultConfigurationName = Release;
		};
/* End XCConfigurationList section */
	};
	rootObject = 81BA813D1A49DA1800E65899 /* Project object */;
}
